// !$*UTF8*$!
{
	archiveVersion = 1;
	classes = {
	};
	objectVersion = 46;
	objects = {

/* Begin PBXBuildFile section */
		319B90FD1A79442C00755637 /* main.m in Sources */ = {isa = PBXBuildFile; fileRef = 319B90FC1A79442C00755637 /* main.m */; };
		319B91051A7945BC00755637 /* MyApp.m in Sources */ = {isa = PBXBuildFile; fileRef = 319B91041A7945BC00755637 /* MyApp.m */; };
/* End PBXBuildFile section */

/* Begin PBXCopyFilesBuildPhase section */
		319B90F71A79442C00755637 /* CopyFiles */ = {
			isa = PBXCopyFilesBuildPhase;
			buildActionMask = 2147483647;
			dstPath = /usr/share/man/man1/;
			dstSubfolderSpec = 0;
			files = (
			);
			runOnlyForDeploymentPostprocessing = 1;
		};
/* End PBXCopyFilesBuildPhase section */

/* Begin PBXFileReference section */
		319B90F91A79442C00755637 /* deployOnDayOne */ = {isa = PBXFileReference; explicitFileType = "compiled.mach-o.executable"; includeInIndex = 0; path = deployOnDayOne; sourceTree = BUILT_PRODUCTS_DIR; };
		319B90FC1A79442C00755637 /* main.m */ = {isa = PBXFileReference; lastKnownFileType = sourcecode.c.objc; path = main.m; sourceTree = "<group>"; };
		319B91031A7945BC00755637 /* MyApp.h */ = {isa = PBXFileReference; fileEncoding = 4; lastKnownFileType = sourcecode.c.h; path = MyApp.h; sourceTree = "<group>"; };
		319B91041A7945BC00755637 /* MyApp.m */ = {isa = PBXFileReference; fileEncoding = 4; lastKnownFileType = sourcecode.c.objc; path = MyApp.m; sourceTree = "<group>"; };
		8D696DFE07E74A14CA4CF45F /* libPods-deployOnDayOne.a */ = {isa = PBXFileReference; explicitFileType = archive.ar; includeInIndex = 0; path = "libPods-deployOnDayOne.a"; sourceTree = BUILT_PRODUCTS_DIR; };
/* End PBXFileReference section */

/* Begin PBXFrameworksBuildPhase section */
		319B90F61A79442C00755637 /* Frameworks */ = {
			isa = PBXFrameworksBuildPhase;
			buildActionMask = 2147483647;
			files = (
			);
			runOnlyForDeploymentPostprocessing = 0;
		};
/* End PBXFrameworksBuildPhase section */

/* Begin PBXGroup section */
		319B90F01A79442C00755637 = {
			isa = PBXGroup;
			children = (
				319B90FB1A79442C00755637 /* deployOnDayOne */,
				319B90FA1A79442C00755637 /* Products */,
				7677F9A0A6BF4D7C2ED76005 /* Frameworks */,
			);
			sourceTree = "<group>";
		};
		319B90FA1A79442C00755637 /* Products */ = {
			isa = PBXGroup;
			children = (
				319B90F91A79442C00755637 /* deployOnDayOne */,
			);
			name = Products;
			sourceTree = "<group>";
		};
		319B90FB1A79442C00755637 /* deployOnDayOne */ = {
			isa = PBXGroup;
			children = (
				319B90FC1A79442C00755637 /* main.m */,
				319B91031A7945BC00755637 /* MyApp.h */,
				319B91041A7945BC00755637 /* MyApp.m */,
			);
			path = deployOnDayOne;
			sourceTree = "<group>";
		};
		7677F9A0A6BF4D7C2ED76005 /* Frameworks */ = {
			isa = PBXGroup;
			children = (
				8D696DFE07E74A14CA4CF45F /* libPods-deployOnDayOne.a */,
			);
			name = Frameworks;
			sourceTree = "<group>";
		};
/* End PBXGroup section */

/* Begin PBXNativeTarget section */
		319B90F81A79442C00755637 /* deployOnDayOne */ = {
			isa = PBXNativeTarget;
			buildConfigurationList = 319B91001A79442C00755637 /* Build configuration list for PBXNativeTarget "deployOnDayOne" */;
			buildPhases = (
				319B90F51A79442C00755637 /* Sources */,
				319B90F61A79442C00755637 /* Frameworks */,
				319B90F71A79442C00755637 /* CopyFiles */,
			);
			buildRules = (
			);
			dependencies = (
			);
			name = deployOnDayOne;
			productName = deployOnDayOne;
			productReference = 319B90F91A79442C00755637 /* deployOnDayOne */;
			productType = "com.apple.product-type.tool";
		};
/* End PBXNativeTarget section */

/* Begin PBXProject section */
		319B90F11A79442C00755637 /* Project object */ = {
			isa = PBXProject;
			attributes = {
				LastUpgradeCheck = 0610;
				ORGANIZATIONNAME = "Zachary Drossman";
				TargetAttributes = {
					319B90F81A79442C00755637 = {
						CreatedOnToolsVersion = 6.1.1;
					};
				};
			};
			buildConfigurationList = 319B90F41A79442C00755637 /* Build configuration list for PBXProject "deployOnDayOne" */;
			compatibilityVersion = "Xcode 3.2";
			developmentRegion = English;
			hasScannedForEncodings = 0;
			knownRegions = (
				en,
			);
			mainGroup = 319B90F01A79442C00755637;
			productRefGroup = 319B90FA1A79442C00755637 /* Products */;
			projectDirPath = "";
			projectRoot = "";
			targets = (
				319B90F81A79442C00755637 /* deployOnDayOne */,
			);
		};
/* End PBXProject section */

/* Begin PBXSourcesBuildPhase section */
		319B90F51A79442C00755637 /* Sources */ = {
			isa = PBXSourcesBuildPhase;
			buildActionMask = 2147483647;
			files = (
				319B90FD1A79442C00755637 /* main.m in Sources */,
				319B91051A7945BC00755637 /* MyApp.m in Sources */,
			);
			runOnlyForDeploymentPostprocessing = 0;
		};
/* End PBXSourcesBuildPhase section */

/* Begin XCBuildConfiguration section */
		319B90FE1A79442C00755637 /* Debug */ = {
			isa = XCBuildConfiguration;
			buildSettings = {
				ALWAYS_SEARCH_USER_PATHS = NO;
				CLANG_CXX_LANGUAGE_STANDARD = "gnu++0x";
				CLANG_CXX_LIBRARY = "libc++";
				CLANG_ENABLE_MODULES = YES;
				CLANG_ENABLE_OBJC_ARC = YES;
				CLANG_WARN_BOOL_CONVERSION = YES;
				CLANG_WARN_CONSTANT_CONVERSION = YES;
				CLANG_WARN_DIRECT_OBJC_ISA_USAGE = YES_ERROR;
				CLANG_WARN_EMPTY_BODY = YES;
				CLANG_WARN_ENUM_CONVERSION = YES;
				CLANG_WARN_INT_CONVERSION = YES;
				CLANG_WARN_OBJC_ROOT_CLASS = YES_ERROR;
				CLANG_WARN_UNREACHABLE_CODE = YES;
				CLANG_WARN__DUPLICATE_METHOD_MATCH = YES;
				COPY_PHASE_STRIP = NO;
				ENABLE_STRICT_OBJC_MSGSEND = YES;
				GCC_C_LANGUAGE_STANDARD = gnu99;
				GCC_DYNAMIC_NO_PIC = NO;
				GCC_OPTIMIZATION_LEVEL = 0;
				GCC_PREPROCESSOR_DEFINITIONS = (
					"DEBUG=1",
					"$(inherited)",
				);
				GCC_SYMBOLS_PRIVATE_EXTERN = NO;
				GCC_WARN_64_TO_32_BIT_CONVERSION = YES;
				GCC_WARN_ABOUT_RETURN_TYPE = YES_ERROR;
				GCC_WARN_UNDECLARED_SELECTOR = YES;
				GCC_WARN_UNINITIALIZED_AUTOS = YES_AGGRESSIVE;
				GCC_WARN_UNUSED_FUNCTION = YES;
				GCC_WARN_UNUSED_VARIABLE = YES;
				MACOSX_DEPLOYMENT_TARGET = 10.9;
				MTL_ENABLE_DEBUG_INFO = YES;
				ONLY_ACTIVE_ARCH = YES;
				SDKROOT = macosx;
			};
			name = Debug;
		};
		319B90FF1A79442C00755637 /* Release */ = {
			isa = XCBuildConfiguration;
			buildSettings = {
				ALWAYS_SEARCH_USER_PATHS = NO;
				CLANG_CXX_LANGUAGE_STANDARD = "gnu++0x";
				CLANG_CXX_LIBRARY = "libc++";
				CLANG_ENABLE_MODULES = YES;
				CLANG_ENABLE_OBJC_ARC = YES;
				CLANG_WARN_BOOL_CONVERSION = YES;
				CLANG_WARN_CONSTANT_CONVERSION = YES;
				CLANG_WARN_DIRECT_OBJC_ISA_USAGE = YES_ERROR;
				CLANG_WARN_EMPTY_BODY = YES;
				CLANG_WARN_ENUM_CONVERSION = YES;
				CLANG_WARN_INT_CONVERSION = YES;
				CLANG_WARN_OBJC_ROOT_CLASS = YES_ERROR;
				CLANG_WARN_UNREACHABLE_CODE = YES;
				CLANG_WARN__DUPLICATE_METHOD_MATCH = YES;
				COPY_PHASE_STRIP = YES;
				DEBUG_INFORMATION_FORMAT = "dwarf-with-dsym";
				ENABLE_NS_ASSERTIONS = NO;
				ENABLE_STRICT_OBJC_MSGSEND = YES;
				GCC_C_LANGUAGE_STANDARD = gnu99;
				GCC_WARN_64_TO_32_BIT_CONVERSION = YES;
				GCC_WARN_ABOUT_RETURN_TYPE = YES_ERROR;
				GCC_WARN_UNDECLARED_SELECTOR = YES;
				GCC_WARN_UNINITIALIZED_AUTOS = YES_AGGRESSIVE;
				GCC_WARN_UNUSED_FUNCTION = YES;
				GCC_WARN_UNUSED_VARIABLE = YES;
				MACOSX_DEPLOYMENT_TARGET = 10.9;
				MTL_ENABLE_DEBUG_INFO = NO;
				SDKROOT = macosx;
			};
			name = Release;
		};
		319B91011A79442C00755637 /* Debug */ = {
			isa = XCBuildConfiguration;
			buildSettings = {
				PRODUCT_NAME = "$(TARGET_NAME)";
			};
			name = Debug;
		};
		319B91021A79442C00755637 /* Release */ = {
			isa = XCBuildConfiguration;
			buildSettings = {
				PRODUCT_NAME = "$(TARGET_NAME)";
			};
			name = Release;
		};
/* End XCBuildConfiguration section */

/* Begin XCConfigurationList section */
		319B90F41A79442C00755637 /* Build configuration list for PBXProject "deployOnDayOne" */ = {
			isa = XCConfigurationList;
			buildConfigurations = (
				319B90FE1A79442C00755637 /* Debug */,
				319B90FF1A79442C00755637 /* Release */,
			);
			defaultConfigurationIsVisible = 0;
			defaultConfigurationName = Release;
		};
		319B91001A79442C00755637 /* Build configuration list for PBXNativeTarget "deployOnDayOne" */ = {
			isa = XCConfigurationList;
			buildConfigurations = (
				319B91011A79442C00755637 /* Debug */,
				319B91021A79442C00755637 /* Release */,
			);
			defaultConfigurationIsVisible = 0;
			defaultConfigurationName = Release;
		};
/* End XCConfigurationList section */
	};
	rootObject = 319B90F11A79442C00755637 /* Project object */;
}
